// !$*UTF8*$!
{
	archiveVersion = 1;
	classes = {
	};
	objectVersion = 46;
	objects = {

/* Begin PBXBuildFile section */
		772231B51A3ADF27008C5347 /* main.m in Sources */ = {isa = PBXBuildFile; fileRef = 772231B41A3ADF27008C5347 /* main.m */; };
		772231B81A3ADF27008C5347 /* AppDelegate.m in Sources */ = {isa = PBXBuildFile; fileRef = 772231B71A3ADF27008C5347 /* AppDelegate.m */; };
		772231BB1A3ADF27008C5347 /* ViewController.m in Sources */ = {isa = PBXBuildFile; fileRef = 772231BA1A3ADF27008C5347 /* ViewController.m */; };
		772231BE1A3ADF27008C5347 /* Main.storyboard in Resources */ = {isa = PBXBuildFile; fileRef = 772231BC1A3ADF27008C5347 /* Main.storyboard */; };
		772231C01A3ADF27008C5347 /* Images.xcassets in Resources */ = {isa = PBXBuildFile; fileRef = 772231BF1A3ADF27008C5347 /* Images.xcassets */; };
		772231C31A3ADF27008C5347 /* LaunchScreen.xib in Resources */ = {isa = PBXBuildFile; fileRef = 772231C11A3ADF27008C5347 /* LaunchScreen.xib */; };
		772231CF1A3ADF27008C5347 /* NNSocialNetworksTests.m in Sources */ = {isa = PBXBuildFile; fileRef = 772231CE1A3ADF27008C5347 /* NNSocialNetworksTests.m */; };
		772231DC1A3AE539008C5347 /* NNFacebookService.m in Sources */ = {isa = PBXBuildFile; fileRef = 772231DB1A3AE539008C5347 /* NNFacebookService.m */; };
		7755379C1A3C6EFE00E042E0 /* NNPhotoProvider.m in Sources */ = {isa = PBXBuildFile; fileRef = 7755379B1A3C6EFE00E042E0 /* NNPhotoProvider.m */; };
		7755379F1A3C71DA00E042E0 /* NNDataProvider.m in Sources */ = {isa = PBXBuildFile; fileRef = 7755379E1A3C71DA00E042E0 /* NNDataProvider.m */; };
		775537A51A3C803A00E042E0 /* NNGaleryViewController.m in Sources */ = {isa = PBXBuildFile; fileRef = 775537A41A3C803A00E042E0 /* NNGaleryViewController.m */; };
		775537A81A3C88BA00E042E0 /* NNMediator.m in Sources */ = {isa = PBXBuildFile; fileRef = 775537A71A3C88BA00E042E0 /* NNMediator.m */; };
		775537AC1A3C940A00E042E0 /* NNObservable.m in Sources */ = {isa = PBXBuildFile; fileRef = 775537AB1A3C940A00E042E0 /* NNObservable.m */; };
		F30D0CEB432DBA66514C5267 /* libPods-NNSocialNetworks.a in Frameworks */ = {isa = PBXBuildFile; fileRef = 9502CC6AAA77763C51A5EFBE /* libPods-NNSocialNetworks.a */; };
/* End PBXBuildFile section */

/* Begin PBXContainerItemProxy section */
		772231C91A3ADF27008C5347 /* PBXContainerItemProxy */ = {
			isa = PBXContainerItemProxy;
			containerPortal = 772231A71A3ADF27008C5347 /* Project object */;
			proxyType = 1;
			remoteGlobalIDString = 772231AE1A3ADF27008C5347;
			remoteInfo = NNSocialNetworks;
		};
/* End PBXContainerItemProxy section */

/* Begin PBXFileReference section */
		772231AF1A3ADF27008C5347 /* NNSocialNetworks.app */ = {isa = PBXFileReference; explicitFileType = wrapper.application; includeInIndex = 0; path = NNSocialNetworks.app; sourceTree = BUILT_PRODUCTS_DIR; };
		772231B31A3ADF27008C5347 /* Info.plist */ = {isa = PBXFileReference; lastKnownFileType = text.plist.xml; path = Info.plist; sourceTree = "<group>"; };
		772231B41A3ADF27008C5347 /* main.m */ = {isa = PBXFileReference; lastKnownFileType = sourcecode.c.objc; path = main.m; sourceTree = "<group>"; };
		772231B61A3ADF27008C5347 /* AppDelegate.h */ = {isa = PBXFileReference; lastKnownFileType = sourcecode.c.h; path = AppDelegate.h; sourceTree = "<group>"; };
		772231B71A3ADF27008C5347 /* AppDelegate.m */ = {isa = PBXFileReference; lastKnownFileType = sourcecode.c.objc; path = AppDelegate.m; sourceTree = "<group>"; };
		772231B91A3ADF27008C5347 /* ViewController.h */ = {isa = PBXFileReference; lastKnownFileType = sourcecode.c.h; path = ViewController.h; sourceTree = "<group>"; };
		772231BA1A3ADF27008C5347 /* ViewController.m */ = {isa = PBXFileReference; lastKnownFileType = sourcecode.c.objc; path = ViewController.m; sourceTree = "<group>"; };
		772231BD1A3ADF27008C5347 /* Base */ = {isa = PBXFileReference; lastKnownFileType = file.storyboard; name = Base; path = Base.lproj/Main.storyboard; sourceTree = "<group>"; };
		772231BF1A3ADF27008C5347 /* Images.xcassets */ = {isa = PBXFileReference; lastKnownFileType = folder.assetcatalog; path = Images.xcassets; sourceTree = "<group>"; };
		772231C21A3ADF27008C5347 /* Base */ = {isa = PBXFileReference; lastKnownFileType = file.xib; name = Base; path = Base.lproj/LaunchScreen.xib; sourceTree = "<group>"; };
		772231C81A3ADF27008C5347 /* NNSocialNetworksTests.xctest */ = {isa = PBXFileReference; explicitFileType = wrapper.cfbundle; includeInIndex = 0; path = NNSocialNetworksTests.xctest; sourceTree = BUILT_PRODUCTS_DIR; };
		772231CD1A3ADF27008C5347 /* Info.plist */ = {isa = PBXFileReference; lastKnownFileType = text.plist.xml; path = Info.plist; sourceTree = "<group>"; };
		772231CE1A3ADF27008C5347 /* NNSocialNetworksTests.m */ = {isa = PBXFileReference; lastKnownFileType = sourcecode.c.objc; path = NNSocialNetworksTests.m; sourceTree = "<group>"; };
		772231DA1A3AE539008C5347 /* NNFacebookService.h */ = {isa = PBXFileReference; fileEncoding = 4; lastKnownFileType = sourcecode.c.h; path = NNFacebookService.h; sourceTree = "<group>"; };
		772231DB1A3AE539008C5347 /* NNFacebookService.m */ = {isa = PBXFileReference; fileEncoding = 4; lastKnownFileType = sourcecode.c.objc; path = NNFacebookService.m; sourceTree = "<group>"; };
		7755379A1A3C6EFE00E042E0 /* NNPhotoProvider.h */ = {isa = PBXFileReference; fileEncoding = 4; lastKnownFileType = sourcecode.c.h; path = NNPhotoProvider.h; sourceTree = "<group>"; };
		7755379B1A3C6EFE00E042E0 /* NNPhotoProvider.m */ = {isa = PBXFileReference; fileEncoding = 4; lastKnownFileType = sourcecode.c.objc; path = NNPhotoProvider.m; sourceTree = "<group>"; };
		7755379D1A3C71DA00E042E0 /* NNDataProvider.h */ = {isa = PBXFileReference; fileEncoding = 4; lastKnownFileType = sourcecode.c.h; path = NNDataProvider.h; sourceTree = "<group>"; };
		7755379E1A3C71DA00E042E0 /* NNDataProvider.m */ = {isa = PBXFileReference; fileEncoding = 4; lastKnownFileType = sourcecode.c.objc; path = NNDataProvider.m; sourceTree = "<group>"; };
		775537A31A3C803A00E042E0 /* NNGaleryViewController.h */ = {isa = PBXFileReference; fileEncoding = 4; lastKnownFileType = sourcecode.c.h; path = NNGaleryViewController.h; sourceTree = "<group>"; };
		775537A41A3C803A00E042E0 /* NNGaleryViewController.m */ = {isa = PBXFileReference; fileEncoding = 4; lastKnownFileType = sourcecode.c.objc; path = NNGaleryViewController.m; sourceTree = "<group>"; };
		775537A61A3C88BA00E042E0 /* NNMediator.h */ = {isa = PBXFileReference; fileEncoding = 4; lastKnownFileType = sourcecode.c.h; path = NNMediator.h; sourceTree = "<group>"; };
		775537A71A3C88BA00E042E0 /* NNMediator.m */ = {isa = PBXFileReference; fileEncoding = 4; lastKnownFileType = sourcecode.c.objc; path = NNMediator.m; sourceTree = "<group>"; };
		775537A91A3C919A00E042E0 /* NNObservable.h */ = {isa = PBXFileReference; fileEncoding = 4; lastKnownFileType = sourcecode.c.h; path = NNObservable.h; sourceTree = "<group>"; };
		775537AB1A3C940A00E042E0 /* NNObservable.m */ = {isa = PBXFileReference; fileEncoding = 4; lastKnownFileType = sourcecode.c.objc; path = NNObservable.m; sourceTree = "<group>"; };
		868AA64083C8E67C4F84AB59 /* libPods.a */ = {isa = PBXFileReference; explicitFileType = archive.ar; includeInIndex = 0; path = libPods.a; sourceTree = BUILT_PRODUCTS_DIR; };
		9502CC6AAA77763C51A5EFBE /* libPods-NNSocialNetworks.a */ = {isa = PBXFileReference; explicitFileType = archive.ar; includeInIndex = 0; path = "libPods-NNSocialNetworks.a"; sourceTree = BUILT_PRODUCTS_DIR; };
		A259227F9D987C3356266D17 /* Pods-NNSocialNetworks.release.xcconfig */ = {isa = PBXFileReference; includeInIndex = 1; lastKnownFileType = text.xcconfig; name = "Pods-NNSocialNetworks.release.xcconfig"; path = "Pods/Target Support Files/Pods-NNSocialNetworks/Pods-NNSocialNetworks.release.xcconfig"; sourceTree = "<group>"; };
		B5C11BA63B17E459A3867783 /* Pods-NNSocialNetworks.debug.xcconfig */ = {isa = PBXFileReference; includeInIndex = 1; lastKnownFileType = text.xcconfig; name = "Pods-NNSocialNetworks.debug.xcconfig"; path = "Pods/Target Support Files/Pods-NNSocialNetworks/Pods-NNSocialNetworks.debug.xcconfig"; sourceTree = "<group>"; };
/* End PBXFileReference section */

/* Begin PBXFrameworksBuildPhase section */
		772231AC1A3ADF27008C5347 /* Frameworks */ = {
			isa = PBXFrameworksBuildPhase;
			buildActionMask = 2147483647;
			files = (
				F30D0CEB432DBA66514C5267 /* libPods-NNSocialNetworks.a in Frameworks */,
			);
			runOnlyForDeploymentPostprocessing = 0;
		};
		772231C51A3ADF27008C5347 /* Frameworks */ = {
			isa = PBXFrameworksBuildPhase;
			buildActionMask = 2147483647;
			files = (
			);
			runOnlyForDeploymentPostprocessing = 0;
		};
/* End PBXFrameworksBuildPhase section */

/* Begin PBXGroup section */
		772231A61A3ADF27008C5347 = {
			isa = PBXGroup;
			children = (
				772231B11A3ADF27008C5347 /* NNSocialNetworks */,
				772231CB1A3ADF27008C5347 /* NNSocialNetworksTests */,
				772231B01A3ADF27008C5347 /* Products */,
				E32ACB96C987B1FC900A3F44 /* Pods */,
				D26490BE0B7951EF99113D83 /* Frameworks */,
			);
			sourceTree = "<group>";
		};
		772231B01A3ADF27008C5347 /* Products */ = {
			isa = PBXGroup;
			children = (
				772231AF1A3ADF27008C5347 /* NNSocialNetworks.app */,
				772231C81A3ADF27008C5347 /* NNSocialNetworksTests.xctest */,
			);
			name = Products;
			sourceTree = "<group>";
		};
		772231B11A3ADF27008C5347 /* NNSocialNetworks */ = {
			isa = PBXGroup;
			children = (
				775537991A3C6EDA00E042E0 /* DataProvider */,
				775537951A3C680E00E042E0 /* API */,
				7755378E1A3C58A900E042E0 /* Model */,
				772231D81A3ADF4E008C5347 /* Services */,
				772231B61A3ADF27008C5347 /* AppDelegate.h */,
				772231B71A3ADF27008C5347 /* AppDelegate.m */,
				772231B91A3ADF27008C5347 /* ViewController.h */,
				772231BA1A3ADF27008C5347 /* ViewController.m */,
				775537A31A3C803A00E042E0 /* NNGaleryViewController.h */,
				775537A41A3C803A00E042E0 /* NNGaleryViewController.m */,
				772231BC1A3ADF27008C5347 /* Main.storyboard */,
				772231BF1A3ADF27008C5347 /* Images.xcassets */,
				772231C11A3ADF27008C5347 /* LaunchScreen.xib */,
				772231B21A3ADF27008C5347 /* Supporting Files */,
			);
			path = NNSocialNetworks;
			sourceTree = "<group>";
		};
		772231B21A3ADF27008C5347 /* Supporting Files */ = {
			isa = PBXGroup;
			children = (
				772231B31A3ADF27008C5347 /* Info.plist */,
				772231B41A3ADF27008C5347 /* main.m */,
			);
			name = "Supporting Files";
			sourceTree = "<group>";
		};
		772231CB1A3ADF27008C5347 /* NNSocialNetworksTests */ = {
			isa = PBXGroup;
			children = (
				772231CE1A3ADF27008C5347 /* NNSocialNetworksTests.m */,
				772231CC1A3ADF27008C5347 /* Supporting Files */,
			);
			path = NNSocialNetworksTests;
			sourceTree = "<group>";
		};
		772231CC1A3ADF27008C5347 /* Supporting Files */ = {
			isa = PBXGroup;
			children = (
				772231CD1A3ADF27008C5347 /* Info.plist */,
			);
			name = "Supporting Files";
			sourceTree = "<group>";
		};
		772231D81A3ADF4E008C5347 /* Services */ = {
			isa = PBXGroup;
			children = (
				772231D91A3ADF59008C5347 /* FacebookService */,
			);
			name = Services;
			sourceTree = "<group>";
		};
		772231D91A3ADF59008C5347 /* FacebookService */ = {
			isa = PBXGroup;
			children = (
				772231DA1A3AE539008C5347 /* NNFacebookService.h */,
				772231DB1A3AE539008C5347 /* NNFacebookService.m */,
			);
			name = FacebookService;
			sourceTree = "<group>";
		};
		7755378E1A3C58A900E042E0 /* Model */ = {
			isa = PBXGroup;
			children = (
			);
			name = Model;
			sourceTree = "<group>";
		};
		775537951A3C680E00E042E0 /* API */ = {
			isa = PBXGroup;
			children = (
			);
			name = API;
			sourceTree = "<group>";
		};
		775537991A3C6EDA00E042E0 /* DataProvider */ = {
			isa = PBXGroup;
			children = (
				7755379D1A3C71DA00E042E0 /* NNDataProvider.h */,
				7755379E1A3C71DA00E042E0 /* NNDataProvider.m */,
				7755379A1A3C6EFE00E042E0 /* NNPhotoProvider.h */,
				7755379B1A3C6EFE00E042E0 /* NNPhotoProvider.m */,
				775537A61A3C88BA00E042E0 /* NNMediator.h */,
				775537A71A3C88BA00E042E0 /* NNMediator.m */,
				775537A91A3C919A00E042E0 /* NNObservable.h */,
				775537AB1A3C940A00E042E0 /* NNObservable.m */,
			);
			name = DataProvider;
			sourceTree = "<group>";
		};
		D26490BE0B7951EF99113D83 /* Frameworks */ = {
			isa = PBXGroup;
			children = (
				9502CC6AAA77763C51A5EFBE /* libPods-NNSocialNetworks.a */,
				868AA64083C8E67C4F84AB59 /* libPods.a */,
			);
			name = Frameworks;
			sourceTree = "<group>";
		};
		E32ACB96C987B1FC900A3F44 /* Pods */ = {
			isa = PBXGroup;
			children = (
				B5C11BA63B17E459A3867783 /* Pods-NNSocialNetworks.debug.xcconfig */,
				A259227F9D987C3356266D17 /* Pods-NNSocialNetworks.release.xcconfig */,
			);
			name = Pods;
			sourceTree = "<group>";
		};
/* End PBXGroup section */

/* Begin PBXNativeTarget section */
		772231AE1A3ADF27008C5347 /* NNSocialNetworks */ = {
			isa = PBXNativeTarget;
			buildConfigurationList = 772231D21A3ADF27008C5347 /* Build configuration list for PBXNativeTarget "NNSocialNetworks" */;
			buildPhases = (
				57DB241E63E3D9D34B72E829 /* Check Pods Manifest.lock */,
				772231AB1A3ADF27008C5347 /* Sources */,
				772231AC1A3ADF27008C5347 /* Frameworks */,
				772231AD1A3ADF27008C5347 /* Resources */,
				A82EC6B408C428A547A06A32 /* Copy Pods Resources */,
			);
			buildRules = (
			);
			dependencies = (
			);
			name = NNSocialNetworks;
			productName = NNSocialNetworks;
			productReference = 772231AF1A3ADF27008C5347 /* NNSocialNetworks.app */;
			productType = "com.apple.product-type.application";
		};
		772231C71A3ADF27008C5347 /* NNSocialNetworksTests */ = {
			isa = PBXNativeTarget;
			buildConfigurationList = 772231D51A3ADF27008C5347 /* Build configuration list for PBXNativeTarget "NNSocialNetworksTests" */;
			buildPhases = (
				772231C41A3ADF27008C5347 /* Sources */,
				772231C51A3ADF27008C5347 /* Frameworks */,
				772231C61A3ADF27008C5347 /* Resources */,
			);
			buildRules = (
			);
			dependencies = (
				772231CA1A3ADF27008C5347 /* PBXTargetDependency */,
			);
			name = NNSocialNetworksTests;
			productName = NNSocialNetworksTests;
			productReference = 772231C81A3ADF27008C5347 /* NNSocialNetworksTests.xctest */;
			productType = "com.apple.product-type.bundle.unit-test";
		};
/* End PBXNativeTarget section */

/* Begin PBXProject section */
		772231A71A3ADF27008C5347 /* Project object */ = {
			isa = PBXProject;
			attributes = {
				LastUpgradeCheck = 0610;
				ORGANIZATIONNAME = "Olga Nikolaeva";
				TargetAttributes = {
					772231AE1A3ADF27008C5347 = {
						CreatedOnToolsVersion = 6.1;
					};
					772231C71A3ADF27008C5347 = {
						CreatedOnToolsVersion = 6.1;
						TestTargetID = 772231AE1A3ADF27008C5347;
					};
				};
			};
			buildConfigurationList = 772231AA1A3ADF27008C5347 /* Build configuration list for PBXProject "NNSocialNetworks" */;
			compatibilityVersion = "Xcode 3.2";
			developmentRegion = English;
			hasScannedForEncodings = 0;
			knownRegions = (
				en,
				Base,
			);
			mainGroup = 772231A61A3ADF27008C5347;
			productRefGroup = 772231B01A3ADF27008C5347 /* Products */;
			projectDirPath = "";
			projectRoot = "";
			targets = (
				772231AE1A3ADF27008C5347 /* NNSocialNetworks */,
				772231C71A3ADF27008C5347 /* NNSocialNetworksTests */,
			);
		};
/* End PBXProject section */

/* Begin PBXResourcesBuildPhase section */
		772231AD1A3ADF27008C5347 /* Resources */ = {
			isa = PBXResourcesBuildPhase;
			buildActionMask = 2147483647;
			files = (
				772231BE1A3ADF27008C5347 /* Main.storyboard in Resources */,
				772231C31A3ADF27008C5347 /* LaunchScreen.xib in Resources */,
				772231C01A3ADF27008C5347 /* Images.xcassets in Resources */,
			);
			runOnlyForDeploymentPostprocessing = 0;
		};
		772231C61A3ADF27008C5347 /* Resources */ = {
			isa = PBXResourcesBuildPhase;
			buildActionMask = 2147483647;
			files = (
			);
			runOnlyForDeploymentPostprocessing = 0;
		};
/* End PBXResourcesBuildPhase section */

/* Begin PBXShellScriptBuildPhase section */
		57DB241E63E3D9D34B72E829 /* Check Pods Manifest.lock */ = {
			isa = PBXShellScriptBuildPhase;
			buildActionMask = 2147483647;
			files = (
			);
			inputPaths = (
			);
			name = "Check Pods Manifest.lock";
			outputPaths = (
			);
			runOnlyForDeploymentPostprocessing = 0;
			shellPath = /bin/sh;
			shellScript = "diff \"${PODS_ROOT}/../Podfile.lock\" \"${PODS_ROOT}/Manifest.lock\" > /dev/null\nif [[ $? != 0 ]] ; then\n    cat << EOM\nerror: The sandbox is not in sync with the Podfile.lock. Run 'pod install' or update your CocoaPods installation.\nEOM\n    exit 1\nfi\n";
			showEnvVarsInLog = 0;
		};
		A82EC6B408C428A547A06A32 /* Copy Pods Resources */ = {
			isa = PBXShellScriptBuildPhase;
			buildActionMask = 2147483647;
			files = (
			);
			inputPaths = (
			);
			name = "Copy Pods Resources";
			outputPaths = (
			);
			runOnlyForDeploymentPostprocessing = 0;
			shellPath = /bin/sh;
			shellScript = "\"${SRCROOT}/Pods/Target Support Files/Pods-NNSocialNetworks/Pods-NNSocialNetworks-resources.sh\"\n";
			showEnvVarsInLog = 0;
		};
/* End PBXShellScriptBuildPhase section */

/* Begin PBXSourcesBuildPhase section */
		772231AB1A3ADF27008C5347 /* Sources */ = {
			isa = PBXSourcesBuildPhase;
			buildActionMask = 2147483647;
			files = (
				775537AC1A3C940A00E042E0 /* NNObservable.m in Sources */,
				772231BB1A3ADF27008C5347 /* ViewController.m in Sources */,
				7755379F1A3C71DA00E042E0 /* NNDataProvider.m in Sources */,
				775537A51A3C803A00E042E0 /* NNGaleryViewController.m in Sources */,
				7755379C1A3C6EFE00E042E0 /* NNPhotoProvider.m in Sources */,
				772231DC1A3AE539008C5347 /* NNFacebookService.m in Sources */,
				772231B81A3ADF27008C5347 /* AppDelegate.m in Sources */,
				772231B51A3ADF27008C5347 /* main.m in Sources */,
				775537A81A3C88BA00E042E0 /* NNMediator.m in Sources */,
			);
			runOnlyForDeploymentPostprocessing = 0;
		};
		772231C41A3ADF27008C5347 /* Sources */ = {
			isa = PBXSourcesBuildPhase;
			buildActionMask = 2147483647;
			files = (
				772231CF1A3ADF27008C5347 /* NNSocialNetworksTests.m in Sources */,
			);
			runOnlyForDeploymentPostprocessing = 0;
		};
/* End PBXSourcesBuildPhase section */

/* Begin PBXTargetDependency section */
		772231CA1A3ADF27008C5347 /* PBXTargetDependency */ = {
			isa = PBXTargetDependency;
			target = 772231AE1A3ADF27008C5347 /* NNSocialNetworks */;
			targetProxy = 772231C91A3ADF27008C5347 /* PBXContainerItemProxy */;
		};
/* End PBXTargetDependency section */

/* Begin PBXVariantGroup section */
		772231BC1A3ADF27008C5347 /* Main.storyboard */ = {
			isa = PBXVariantGroup;
			children = (
				772231BD1A3ADF27008C5347 /* Base */,
			);
			name = Main.storyboard;
			sourceTree = "<group>";
		};
		772231C11A3ADF27008C5347 /* LaunchScreen.xib */ = {
			isa = PBXVariantGroup;
			children = (
				772231C21A3ADF27008C5347 /* Base */,
			);
			name = LaunchScreen.xib;
			sourceTree = "<group>";
		};
/* End PBXVariantGroup section */

/* Begin XCBuildConfiguration section */
		772231D01A3ADF27008C5347 /* Debug */ = {
			isa = XCBuildConfiguration;
			buildSettings = {
				ALWAYS_SEARCH_USER_PATHS = NO;
				CLANG_CXX_LANGUAGE_STANDARD = "gnu++0x";
				CLANG_CXX_LIBRARY = "libc++";
				CLANG_ENABLE_MODULES = YES;
				CLANG_ENABLE_OBJC_ARC = YES;
				CLANG_WARN_BOOL_CONVERSION = YES;
				CLANG_WARN_CONSTANT_CONVERSION = YES;
				CLANG_WARN_DIRECT_OBJC_ISA_USAGE = YES_ERROR;
				CLANG_WARN_EMPTY_BODY = YES;
				CLANG_WARN_ENUM_CONVERSION = YES;
				CLANG_WARN_INT_CONVERSION = YES;
				CLANG_WARN_OBJC_ROOT_CLASS = YES_ERROR;
				CLANG_WARN_UNREACHABLE_CODE = YES;
				CLANG_WARN__DUPLICATE_METHOD_MATCH = YES;
				"CODE_SIGN_IDENTITY[sdk=iphoneos*]" = "iPhone Developer";
				COPY_PHASE_STRIP = NO;
				ENABLE_STRICT_OBJC_MSGSEND = YES;
				GCC_C_LANGUAGE_STANDARD = gnu99;
				GCC_DYNAMIC_NO_PIC = NO;
				GCC_OPTIMIZATION_LEVEL = 0;
				GCC_PREPROCESSOR_DEFINITIONS = (
					"DEBUG=1",
					"$(inherited)",
				);
				GCC_SYMBOLS_PRIVATE_EXTERN = NO;
				GCC_WARN_64_TO_32_BIT_CONVERSION = YES;
				GCC_WARN_ABOUT_RETURN_TYPE = YES_ERROR;
				GCC_WARN_UNDECLARED_SELECTOR = YES;
				GCC_WARN_UNINITIALIZED_AUTOS = YES_AGGRESSIVE;
				GCC_WARN_UNUSED_FUNCTION = YES;
				GCC_WARN_UNUSED_VARIABLE = YES;
				IPHONEOS_DEPLOYMENT_TARGET = 8.1;
				MTL_ENABLE_DEBUG_INFO = YES;
				ONLY_ACTIVE_ARCH = YES;
				SDKROOT = iphoneos;
			};
			name = Debug;
		};
		772231D11A3ADF27008C5347 /* Release */ = {
			isa = XCBuildConfiguration;
			buildSettings = {
				ALWAYS_SEARCH_USER_PATHS = NO;
				CLANG_CXX_LANGUAGE_STANDARD = "gnu++0x";
				CLANG_CXX_LIBRARY = "libc++";
				CLANG_ENABLE_MODULES = YES;
				CLANG_ENABLE_OBJC_ARC = YES;
				CLANG_WARN_BOOL_CONVERSION = YES;
				CLANG_WARN_CONSTANT_CONVERSION = YES;
				CLANG_WARN_DIRECT_OBJC_ISA_USAGE = YES_ERROR;
				CLANG_WARN_EMPTY_BODY = YES;
				CLANG_WARN_ENUM_CONVERSION = YES;
				CLANG_WARN_INT_CONVERSION = YES;
				CLANG_WARN_OBJC_ROOT_CLASS = YES_ERROR;
				CLANG_WARN_UNREACHABLE_CODE = YES;
				CLANG_WARN__DUPLICATE_METHOD_MATCH = YES;
				"CODE_SIGN_IDENTITY[sdk=iphoneos*]" = "iPhone Developer";
				COPY_PHASE_STRIP = YES;
				ENABLE_NS_ASSERTIONS = NO;
				ENABLE_STRICT_OBJC_MSGSEND = YES;
				GCC_C_LANGUAGE_STANDARD = gnu99;
				GCC_WARN_64_TO_32_BIT_CONVERSION = YES;
				GCC_WARN_ABOUT_RETURN_TYPE = YES_ERROR;
				GCC_WARN_UNDECLARED_SELECTOR = YES;
				GCC_WARN_UNINITIALIZED_AUTOS = YES_AGGRESSIVE;
				GCC_WARN_UNUSED_FUNCTION = YES;
				GCC_WARN_UNUSED_VARIABLE = YES;
				IPHONEOS_DEPLOYMENT_TARGET = 8.1;
				MTL_ENABLE_DEBUG_INFO = NO;
				SDKROOT = iphoneos;
				VALIDATE_PRODUCT = YES;
			};
			name = Release;
		};
		772231D31A3ADF27008C5347 /* Debug */ = {
			isa = XCBuildConfiguration;
			baseConfigurationReference = B5C11BA63B17E459A3867783 /* Pods-NNSocialNetworks.debug.xcconfig */;
			buildSettings = {
				ASSETCATALOG_COMPILER_APPICON_NAME = AppIcon;
				INFOPLIST_FILE = NNSocialNetworks/Info.plist;
				LD_RUNPATH_SEARCH_PATHS = "$(inherited) @executable_path/Frameworks";
				PRODUCT_NAME = "$(TARGET_NAME)";
			};
			name = Debug;
		};
		772231D41A3ADF27008C5347 /* Release */ = {
			isa = XCBuildConfiguration;
			baseConfigurationReference = A259227F9D987C3356266D17 /* Pods-NNSocialNetworks.release.xcconfig */;
			buildSettings = {
				ASSETCATALOG_COMPILER_APPICON_NAME = AppIcon;
				INFOPLIST_FILE = NNSocialNetworks/Info.plist;
				LD_RUNPATH_SEARCH_PATHS = "$(inherited) @executable_path/Frameworks";
				PRODUCT_NAME = "$(TARGET_NAME)";
			};
			name = Release;
		};
		772231D61A3ADF27008C5347 /* Debug */ = {
			isa = XCBuildConfiguration;
			buildSettings = {
				BUNDLE_LOADER = "$(TEST_HOST)";
				FRAMEWORK_SEARCH_PATHS = (
					"$(SDKROOT)/Developer/Library/Frameworks",
					"$(inherited)",
				);
				GCC_PREPROCESSOR_DEFINITIONS = (
					"DEBUG=1",
					"$(inherited)",
				);
				INFOPLIST_FILE = NNSocialNetworksTests/Info.plist;
				LD_RUNPATH_SEARCH_PATHS = "$(inherited) @executable_path/Frameworks @loader_path/Frameworks";
				PRODUCT_NAME = "$(TARGET_NAME)";
				TEST_HOST = "$(BUILT_PRODUCTS_DIR)/NNSocialNetworks.app/NNSocialNetworks";
			};
			name = Debug;
		};
		772231D71A3ADF27008C5347 /* Release */ = {
			isa = XCBuildConfiguration;
			buildSettings = {
				BUNDLE_LOADER = "$(TEST_HOST)";
				FRAMEWORK_SEARCH_PATHS = (
					"$(SDKROOT)/Developer/Library/Frameworks",
					"$(inherited)",
				);
				INFOPLIST_FILE = NNSocialNetworksTests/Info.plist;
				LD_RUNPATH_SEARCH_PATHS = "$(inherited) @executable_path/Frameworks @loader_path/Frameworks";
				PRODUCT_NAME = "$(TARGET_NAME)";
				TEST_HOST = "$(BUILT_PRODUCTS_DIR)/NNSocialNetworks.app/NNSocialNetworks";
			};
			name = Release;
		};
/* End XCBuildConfiguration section */

/* Begin XCConfigurationList section */
		772231AA1A3ADF27008C5347 /* Build configuration list for PBXProject "NNSocialNetworks" */ = {
			isa = XCConfigurationList;
			buildConfigurations = (
				772231D01A3ADF27008C5347 /* Debug */,
				772231D11A3ADF27008C5347 /* Release */,
			);
			defaultConfigurationIsVisible = 0;
			defaultConfigurationName = Release;
		};
		772231D21A3ADF27008C5347 /* Build configuration list for PBXNativeTarget "NNSocialNetworks" */ = {
			isa = XCConfigurationList;
			buildConfigurations = (
				772231D31A3ADF27008C5347 /* Debug */,
				772231D41A3ADF27008C5347 /* Release */,
			);
			defaultConfigurationIsVisible = 0;
			defaultConfigurationName = Release;
		};
		772231D51A3ADF27008C5347 /* Build configuration list for PBXNativeTarget "NNSocialNetworksTests" */ = {
			isa = XCConfigurationList;
			buildConfigurations = (
				772231D61A3ADF27008C5347 /* Debug */,
				772231D71A3ADF27008C5347 /* Release */,
			);
			defaultConfigurationIsVisible = 0;
			defaultConfigurationName = Release;
		};
/* End XCConfigurationList section */
	};
	rootObject = 772231A71A3ADF27008C5347 /* Project object */;
}
